{
  "name": "21glabs-website",
  "version": "0.1.0",
  "lockfileVersion": 3,
  "requires": true,
  "packages": {
    "": {
      "name": "21glabs-website",
      "version": "0.1.0",
      "dependencies": {
        "date-fns": "3.3.1",
        "gray-matter": "4.0.3",
        "lucide-react": "0.294.0",
        "next": "14.0.4",
        "react": "18.2.0",
        "react-day-picker": "8.10.1",
        "react-dom": "18.2.0"
      },
      "devDependencies": {
        "@types/node": "20.10.4",
        "@types/react": "18.2.45",
        "@types/react-dom": "18.2.17",
        "autoprefixer": "10.4.16",
        "eslint": "8.55.0",
        "eslint-config-next": "14.0.4",
        "postcss": "8.4.32",
        "tailwindcss": "3.3.6",
        "tailwindcss-animate": "1.0.7",
        "typescript": "5.3.3"
      },
      "engines": {
        "node": ">=18.0.0"
      }
    },
    "node_modules/date-fns": {
      "version": "3.3.1",
      "resolved": "https://registry.npmjs.org/date-fns/-/date-fns-3.3.1.tgz",
      "integrity": "sha512-8UXrUKpXfRCe2B4+xWJQpnNtbgEyZLpb+FS1dH91XcmYKsJIK/ZDOkU6RogcuW91eCGq/JBXeWUy76vvXeKRZg==",
      "engines": {
        "node": ">=14.0.0"
      },
      "funding": {
        "type": "opencollective",
        "url": "https://opencollective.com/date-fns"
      }
    },
    "node_modules/gray-matter": {
      "version": "4.0.3",
      "resolved": "https://registry.npmjs.org/gray-matter/-/gray-matter-4.0.3.tgz",
      "integrity": "sha512-5v6yZd4JK3eMI3FqqCouswVqwugaA9r4dNZB1wwcmrD02QkV5H0y7XBQW8QwQqEaZY1pM9aqORSORhJRdNK44Q==",
      "dependencies": {
        "js-yaml": "^3.13.1",
        "kind-of": "^6.0.2",
        "section-matter": "^1.0.0",
        "strip-bom-string": "^1.0.0"
      },
      "engines": {
        "node": ">=6.0"
      }
    },
    "node_modules/react-day-picker": {
      "version": "8.10.1",
      "resolved": "https://registry.npmjs.org/react-day-picker/-/react-day-picker-8.10.1.tgz",
      "integrity": "sha512-XFxDvSIZYZgP0+qWPPUhJBuRPgCHFkZnJnQcjYFHfcKGtCLxaxUZ0Bh0uYxgEFTVaS+Xo+HXNXfQOG0oU0UKsQ==",
      "dependencies": {
        "date-fns": "^2.28.0 || ^3.0.0"
      },
      "peerDependencies": {
        "react": "^16.8.0 || ^17.0.0 || ^18.0.0",
        "react-dom": "^16.8.0 || ^17.0.0 || ^18.0.0"
      }
    }
  }
}

